
Microsoft Visual Studio Solution File, Format Version 12.00
# Visual Studio Version 17
VisualStudioVersion = 17.2.32519.379
MinimumVisualStudioVersion = 10.0.40219.1
Project("{FAE04EC0-301F-11D3-BF4B-00C04F79EFBC}") = "Sakklepesek_JuhaszCsaba2", "Sakklepesek_JuhaszCsaba2\Sakklepesek_JuhaszCsaba2.csproj", "{C58F04C3-C680-41BB-942E-2D9159F8F9B6}"
EndProject
Global
	GlobalSection(SolutionConfigurationPlatforms) = preSolution
		Debug|Any CPU = Debug|Any CPU
		Release|Any CPU = Release|Any CPU
	EndGlobalSection
	GlobalSection(ProjectConfigurationPlatforms) = postSolution
		{C58F04C3-C680-41BB-942E-2D9159F8F9B6}.Debug|Any CPU.ActiveCfg = Debug|Any CPU
		{C58F04C3-C680-41BB-942E-2D9159F8F9B6}.Debug|Any CPU.Build.0 = Debug|Any CPU
		{C58F04C3-C680-41BB-942E-2D9159F8F9B6}.Release|Any CPU.ActiveCfg = Release|Any CPU
		{C58F04C3-C680-41BB-942E-2D9159F8F9B6}.Release|Any CPU.Build.0 = Release|Any CPU
	EndGlobalSection
	GlobalSection(SolutionProperties) = preSolution
		HideSolutionNode = FALSE
	EndGlobalSection
	GlobalSection(ExtensibilityGlobals) = postSolution
		SolutionGuid = {BC0F374F-6FD3-4584-B8ED-2E0A13C9A9D1}
	EndGlobalSection
EndGlobal
